hash: 0e034b6697ca4d3dd0035bd1de488f26a89bfcf30ecd8d699e67e82a2cc91ef1
updated: 2016-10-06T16:15:59.976905438+01:00
imports:
- name: github.com/mgutz/ansi
  version: c286dcecd19ff979eeb73ea444e479b903f2cfcb
- name: github.com/pivotal-cf-experimental/cf-webmock
  version: c0d118e4492b96b4410364ee364b0bd6aa696a2b
  subpackages:
  - mockbosh
  - mockhttp
- name: github.com/urfave/cli
  version: a14d7d367bc02b1f57d88de97926727f2d936387
testImports:
- name: github.com/onsi/ginkgo
  version: 462326b1628e124b23f42e87a8f2750e3c4e2d24
  subpackages:
  - config
  - internal/codelocation
  - internal/failer
  - internal/remote
  - internal/suite
  - internal/testingtproxy
  - internal/writer
  - reporters
  - reporters/stenographer
  - types
  - internal/containernode
  - internal/leafnodes
  - internal/spec
  - internal/specrunner
- name: github.com/onsi/gomega
  version: d59fa0ac68bb5dd932ee8d24eed631cdd519efc3
  subpackages:
  - gexec
  - internal/assertion
  - internal/asyncassertion
  - internal/testingtsupport
  - matchers
  - types
  - format
  - gbytes
  - internal/oraclematcher
  - matchers/support/goraph/bipartitegraph
  - matchers/support/goraph/edge
  - matchers/support/goraph/node
  - matchers/support/goraph/util
- name: gopkg.in/yaml.v2
  version: a5b47d31c556af34a302ce5d659e6fea44d90de0
