hash: de2a20d097479b1e7eca94cd37b1b282c33ca39bb055f1d3a68bb268fa1ccc9e
updated: 2016-10-20T10:44:18.445175727+01:00
imports:
- name: github.com/bmatcuk/doublestar
  version: dd6a6f0a8cdfaaa88b08cf26cf1bc7d69003ee13
- name: github.com/charlievieth/fs
  version: 85d13508c8e9fdaf4c9fcd52a4c3241341566346
- name: github.com/cloudfoundry/bosh-cli
  version: 88598e3ce394a06493f513b486d5af3a9479a88e
  subpackages:
  - director
- name: github.com/cloudfoundry/bosh-utils
  version: 5785db6070d06e70ada10faebfbe9e7748ffdc99
  subpackages:
  - uuid
  - logger
  - errors
  - httpclient
  - system
- name: github.com/cppforlife/go-semi-semantic
  version: 576b6af77ae4f3ccef356902fb3b9a9ae22e0b11
  subpackages:
  - version
- name: github.com/kr/pty
  version: ce7fa45920dc37a92de8377972e52bc55ffa8d57
- name: github.com/mgutz/ansi
  version: c286dcecd19ff979eeb73ea444e479b903f2cfcb
- name: github.com/nu7hatch/gouuid
  version: 179d4d0c4d8d407a32af483c2354df1d2c91e6c3
- name: github.com/onsi/ginkgo
  version: 39549e585f5005ce588e6217d4538a4c99a472c9
  subpackages:
  - config
  - internal/codelocation
  - internal/failer
  - internal/remote
  - internal/suite
  - internal/testingtproxy
  - internal/writer
  - reporters
  - reporters/stenographer
  - types
  - internal/containernode
  - internal/leafnodes
  - internal/spec
  - internal/specrunner
  - reporters/stenographer/support/go-colorable
  - reporters/stenographer/support/go-isatty
- name: github.com/onsi/gomega
  version: d59fa0ac68bb5dd932ee8d24eed631cdd519efc3
  subpackages:
  - gexec
  - internal/assertion
  - internal/asyncassertion
  - internal/testingtsupport
  - matchers
  - types
  - format
  - gbytes
  - internal/oraclematcher
  - matchers/support/goraph/bipartitegraph
  - matchers/support/goraph/edge
  - matchers/support/goraph/node
  - matchers/support/goraph/util
- name: github.com/pivotal-cf-experimental/cf-webmock
  version: ca660490e7fdc58897c61b132b699acbffc71981
  subpackages:
  - mockbosh
  - mockhttp
- name: github.com/urfave/cli
  version: a14d7d367bc02b1f57d88de97926727f2d936387
- name: golang.org/x/crypto
  version: c367d6eeb7c6158125f2f47e049f7eb7e251c09a
  subpackages:
  - ssh
  - curve25519
  - ed25519
  - ed25519/internal/edwards25519
- name: golang.org/x/sys
  version: 002cbb5f952456d0c50e0d2aff17ea5eca716979
  subpackages:
  - unix
- name: gopkg.in/yaml.v2
  version: a5b47d31c556af34a302ce5d659e6fea44d90de0
testImports: []
